
Microsoft Visual Studio Solution File, Format Version 12.00
# Visual Studio 2013
VisualStudioVersion = 12.0.21005.1
MinimumVisualStudioVersion = 10.0.40219.1
Project("{FAE04EC0-301F-11D3-BF4B-00C04F79EFBC}") = "CYQProject", "CYQProject\CYQProject.csproj", "{04B6F396-C490-479D-9D3B-0E339AF1F1C6}"
EndProject
Project("{FAE04EC0-301F-11D3-BF4B-00C04F79EFBC}") = "AutoCreateTable", "AutoCreateTable\AutoCreateTable.csproj", "{5346BA7F-B52E-4F1F-A3B4-66FE5801D3AF}"
EndProject
Project("{FAE04EC0-301F-11D3-BF4B-00C04F79EFBC}") = "UpLoadImage", "SignalTest\UpLoadImage.csproj", "{8808ED68-4955-4C57-9E46-3414F4141F7B}"
EndProject
Project("{FAE04EC0-301F-11D3-BF4B-00C04F79EFBC}") = "01-AOP初试", "01-AOP初试\01-AOP初试.csproj", "{C336A247-F830-4613-BD14-745F3493BBBE}"
EndProject
Project("{FAE04EC0-301F-11D3-BF4B-00C04F79EFBC}") = "MyAopCommon", "MyAopCommon\MyAopCommon.csproj", "{092133C5-64CC-4622-BC9C-2EE3468A790D}"
EndProject
Project("{FAE04EC0-301F-11D3-BF4B-00C04F79EFBC}") = "CYQ.Data", "cyqdata源码\CYQ.Data.csproj", "{BD5CCC87-278F-4FEB-AD23-157FCBA9FFA1}"
EndProject
Project("{FAE04EC0-301F-11D3-BF4B-00C04F79EFBC}") = "02-Tool测试", "02-Tool测试\02-Tool测试.csproj", "{E086C305-0F91-4BF6-971F-C9D10E81F062}"
EndProject
Project("{FAE04EC0-301F-11D3-BF4B-00C04F79EFBC}") = "AutoCreateModel", "AutoCreateModel\AutoCreateModel.csproj", "{86174C99-5304-47E6-BA11-F4BF5B76B64A}"
EndProject
Project("{FAE04EC0-301F-11D3-BF4B-00C04F79EFBC}") = "MyWindowService", "MyWindowService\MyWindowService.csproj", "{1AA1108B-668D-47C6-A6B9-7900EC56B866}"
EndProject
Project("{FAE04EC0-301F-11D3-BF4B-00C04F79EFBC}") = "ServiceClient", "ServiceClient\ServiceClient.csproj", "{15D954D8-F006-4B4D-8C8C-998C73CC7F04}"
EndProject
Project("{FAE04EC0-301F-11D3-BF4B-00C04F79EFBC}") = "WCF-Contracts", "WCF-Contracts\WCF-Contracts.csproj", "{DC53451F-6CBC-4EA9-BA0E-3642A3F3AE8D}"
EndProject
Project("{FAE04EC0-301F-11D3-BF4B-00C04F79EFBC}") = "WCF-Service", "WCF-Service\WCF-Service.csproj", "{9EA77DE5-DC22-48E7-B82B-7F3562BE74D1}"
EndProject
Project("{FAE04EC0-301F-11D3-BF4B-00C04F79EFBC}") = "WCF-Hosting", "WCF-Hosting\WCF-Hosting.csproj", "{329236B0-2AC3-40A7-A083-91D18C8AC927}"
EndProject
Project("{FAE04EC0-301F-11D3-BF4B-00C04F79EFBC}") = "WCF-Client", "WCF-Client\WCF-Client.csproj", "{95FAF39D-5BB0-4824-985C-BA50D8503700}"
EndProject
Project("{FAE04EC0-301F-11D3-BF4B-00C04F79EFBC}") = "ActionTest", "ActionTest\ActionTest.csproj", "{B1F513E5-98E2-41E6-A859-2212BF5C58FD}"
EndProject
Project("{2150E333-8FDC-42A3-9474-1A3956D46DE8}") = "自动生成SQL", "自动生成SQL", "{6BF76D20-93C8-4F18-A766-975B757FD546}"
EndProject
Project("{FAE04EC0-301F-11D3-BF4B-00C04F79EFBC}") = "Client", "Client\Client.csproj", "{CCC47662-E540-4105-8B73-66F3E325F4D8}"
EndProject
Project("{FAE04EC0-301F-11D3-BF4B-00C04F79EFBC}") = "AopHelper", "AopHelper\AopHelper.csproj", "{24E317EA-3BA2-4EE6-8C56-ECEFC8C91F7D}"
EndProject
Project("{FAE04EC0-301F-11D3-BF4B-00C04F79EFBC}") = "Model", "Model\Model.csproj", "{1EEC4074-E825-4FA7-AC36-9E98DB6C5F24}"
EndProject
Project("{FAE04EC0-301F-11D3-BF4B-00C04F79EFBC}") = "CommonAttribute", "CommonAttribute\CommonAttribute.csproj", "{045C304B-1613-408F-B7B1-0B9A347BFB84}"
EndProject
Project("{2150E333-8FDC-42A3-9474-1A3956D46DE8}") = "WCF测试", "WCF测试", "{E98003C0-DC2F-4F56-AA00-49435E283762}"
EndProject
Project("{2150E333-8FDC-42A3-9474-1A3956D46DE8}") = "WindowService测试", "WindowService测试", "{5F3EE892-4F0C-4EEE-B126-F96A2EC1D598}"
EndProject
Project("{2150E333-8FDC-42A3-9474-1A3956D46DE8}") = "AOP测试", "AOP测试", "{28C24171-1F71-460A-9480-49C2F402ED7C}"
EndProject
Project("{2150E333-8FDC-42A3-9474-1A3956D46DE8}") = "CYQ测试", "CYQ测试", "{5841AB14-A2BF-48CB-B66C-684F68EE5661}"
EndProject
Project("{2150E333-8FDC-42A3-9474-1A3956D46DE8}") = "异步测试", "异步测试", "{9B61432D-D295-4C7D-AC73-41B0E32F4FE0}"
EndProject
Project("{2150E333-8FDC-42A3-9474-1A3956D46DE8}") = "其他", "其他", "{4174CBCB-2440-4139-A6FF-F4EA3B911107}"
EndProject
Project("{2150E333-8FDC-42A3-9474-1A3956D46DE8}") = "反射详解", "反射详解", "{86336684-EECA-4653-B4DE-278B2FDC8983}"
EndProject
Project("{FAE04EC0-301F-11D3-BF4B-00C04F79EFBC}") = "Model_Reflection", "Student\Model_Reflection.csproj", "{D3BC095B-2A68-4D64-BD9D-C53B2324887C}"
EndProject
Project("{FAE04EC0-301F-11D3-BF4B-00C04F79EFBC}") = "01-Reflection", "01-Reflection\01-Reflection.csproj", "{6B7891D9-FC71-4F38-88FA-F13D035257EB}"
EndProject
Project("{2150E333-8FDC-42A3-9474-1A3956D46DE8}") = "Office操作", "Office操作", "{D0B9AEC4-466F-4ADD-B6A0-BA90718A9116}"
EndProject
Project("{FAE04EC0-301F-11D3-BF4B-00C04F79EFBC}") = "ExcelToDataBase", "ExcelToDataBase\ExcelToDataBase.csproj", "{56BAD9E8-B78F-4F90-9FF0-5E71458B7D5F}"
EndProject
Project("{FAE04EC0-301F-11D3-BF4B-00C04F79EFBC}") = "ExcelClient", "ExcelClient\ExcelClient.csproj", "{F9405412-FAA1-47D7-BF84-777848EA5D55}"
EndProject
Project("{FAE04EC0-301F-11D3-BF4B-00C04F79EFBC}") = "Project01", "Project01\Project01.csproj", "{430CE6B4-4C9D-4884-85A6-EFFF5BD47E8F}"
EndProject
Project("{FAE04EC0-301F-11D3-BF4B-00C04F79EFBC}") = "Project02", "Project02\Project02.csproj", "{E716A242-E952-4528-A904-4E65B15BC196}"
EndProject
Project("{FAE04EC0-301F-11D3-BF4B-00C04F79EFBC}") = "Project-AsyncAndAwait", "Project-AsyncAndAwait\Project-AsyncAndAwait.csproj", "{DB1B8C3D-B48C-4FAF-8BA5-85335AF0D838}"
EndProject
Project("{FAE04EC0-301F-11D3-BF4B-00C04F79EFBC}") = "Project03", "Project3\Project03.csproj", "{9BAF3952-E4D0-4540-8105-09FECCAD2A07}"
EndProject
Project("{FAE04EC0-301F-11D3-BF4B-00C04F79EFBC}") = "Project04", "Project04\Project04.csproj", "{C81DEED1-92CC-4848-94B1-9F7E565F4EBA}"
EndProject
Project("{2150E333-8FDC-42A3-9474-1A3956D46DE8}") = "Vue学习", "Vue学习", "{68EB463E-51D0-4E17-9F39-013D85713BFE}"
EndProject
Project("{FAE04EC0-301F-11D3-BF4B-00C04F79EFBC}") = "VueTest", "VueTest\VueTest.csproj", "{469D76FC-9480-4B46-836B-79CBE065157A}"
EndProject
Global
	GlobalSection(SolutionConfigurationPlatforms) = preSolution
		Debug|Any CPU = Debug|Any CPU
		Release|Any CPU = Release|Any CPU
	EndGlobalSection
	GlobalSection(ProjectConfigurationPlatforms) = postSolution
		{04B6F396-C490-479D-9D3B-0E339AF1F1C6}.Debug|Any CPU.ActiveCfg = Debug|Any CPU
		{04B6F396-C490-479D-9D3B-0E339AF1F1C6}.Debug|Any CPU.Build.0 = Debug|Any CPU
		{04B6F396-C490-479D-9D3B-0E339AF1F1C6}.Release|Any CPU.ActiveCfg = Release|Any CPU
		{04B6F396-C490-479D-9D3B-0E339AF1F1C6}.Release|Any CPU.Build.0 = Release|Any CPU
		{5346BA7F-B52E-4F1F-A3B4-66FE5801D3AF}.Debug|Any CPU.ActiveCfg = Debug|Any CPU
		{5346BA7F-B52E-4F1F-A3B4-66FE5801D3AF}.Debug|Any CPU.Build.0 = Debug|Any CPU
		{5346BA7F-B52E-4F1F-A3B4-66FE5801D3AF}.Release|Any CPU.ActiveCfg = Release|Any CPU
		{5346BA7F-B52E-4F1F-A3B4-66FE5801D3AF}.Release|Any CPU.Build.0 = Release|Any CPU
		{8808ED68-4955-4C57-9E46-3414F4141F7B}.Debug|Any CPU.ActiveCfg = Debug|Any CPU
		{8808ED68-4955-4C57-9E46-3414F4141F7B}.Debug|Any CPU.Build.0 = Debug|Any CPU
		{8808ED68-4955-4C57-9E46-3414F4141F7B}.Release|Any CPU.ActiveCfg = Release|Any CPU
		{8808ED68-4955-4C57-9E46-3414F4141F7B}.Release|Any CPU.Build.0 = Release|Any CPU
		{C336A247-F830-4613-BD14-745F3493BBBE}.Debug|Any CPU.ActiveCfg = Debug|Any CPU
		{C336A247-F830-4613-BD14-745F3493BBBE}.Debug|Any CPU.Build.0 = Debug|Any CPU
		{C336A247-F830-4613-BD14-745F3493BBBE}.Release|Any CPU.ActiveCfg = Release|Any CPU
		{C336A247-F830-4613-BD14-745F3493BBBE}.Release|Any CPU.Build.0 = Release|Any CPU
		{092133C5-64CC-4622-BC9C-2EE3468A790D}.Debug|Any CPU.ActiveCfg = Debug|Any CPU
		{092133C5-64CC-4622-BC9C-2EE3468A790D}.Debug|Any CPU.Build.0 = Debug|Any CPU
		{092133C5-64CC-4622-BC9C-2EE3468A790D}.Release|Any CPU.ActiveCfg = Release|Any CPU
		{092133C5-64CC-4622-BC9C-2EE3468A790D}.Release|Any CPU.Build.0 = Release|Any CPU
		{BD5CCC87-278F-4FEB-AD23-157FCBA9FFA1}.Debug|Any CPU.ActiveCfg = Debug|Any CPU
		{BD5CCC87-278F-4FEB-AD23-157FCBA9FFA1}.Debug|Any CPU.Build.0 = Debug|Any CPU
		{BD5CCC87-278F-4FEB-AD23-157FCBA9FFA1}.Release|Any CPU.ActiveCfg = Release|Any CPU
		{BD5CCC87-278F-4FEB-AD23-157FCBA9FFA1}.Release|Any CPU.Build.0 = Release|Any CPU
		{E086C305-0F91-4BF6-971F-C9D10E81F062}.Debug|Any CPU.ActiveCfg = Debug|Any CPU
		{E086C305-0F91-4BF6-971F-C9D10E81F062}.Debug|Any CPU.Build.0 = Debug|Any CPU
		{E086C305-0F91-4BF6-971F-C9D10E81F062}.Release|Any CPU.ActiveCfg = Release|Any CPU
		{E086C305-0F91-4BF6-971F-C9D10E81F062}.Release|Any CPU.Build.0 = Release|Any CPU
		{86174C99-5304-47E6-BA11-F4BF5B76B64A}.Debug|Any CPU.ActiveCfg = Debug|Any CPU
		{86174C99-5304-47E6-BA11-F4BF5B76B64A}.Debug|Any CPU.Build.0 = Debug|Any CPU
		{86174C99-5304-47E6-BA11-F4BF5B76B64A}.Release|Any CPU.ActiveCfg = Release|Any CPU
		{86174C99-5304-47E6-BA11-F4BF5B76B64A}.Release|Any CPU.Build.0 = Release|Any CPU
		{1AA1108B-668D-47C6-A6B9-7900EC56B866}.Debug|Any CPU.ActiveCfg = Debug|Any CPU
		{1AA1108B-668D-47C6-A6B9-7900EC56B866}.Debug|Any CPU.Build.0 = Debug|Any CPU
		{1AA1108B-668D-47C6-A6B9-7900EC56B866}.Release|Any CPU.ActiveCfg = Release|Any CPU
		{1AA1108B-668D-47C6-A6B9-7900EC56B866}.Release|Any CPU.Build.0 = Release|Any CPU
		{15D954D8-F006-4B4D-8C8C-998C73CC7F04}.Debug|Any CPU.ActiveCfg = Debug|Any CPU
		{15D954D8-F006-4B4D-8C8C-998C73CC7F04}.Debug|Any CPU.Build.0 = Debug|Any CPU
		{15D954D8-F006-4B4D-8C8C-998C73CC7F04}.Release|Any CPU.ActiveCfg = Release|Any CPU
		{15D954D8-F006-4B4D-8C8C-998C73CC7F04}.Release|Any CPU.Build.0 = Release|Any CPU
		{DC53451F-6CBC-4EA9-BA0E-3642A3F3AE8D}.Debug|Any CPU.ActiveCfg = Debug|Any CPU
		{DC53451F-6CBC-4EA9-BA0E-3642A3F3AE8D}.Debug|Any CPU.Build.0 = Debug|Any CPU
		{DC53451F-6CBC-4EA9-BA0E-3642A3F3AE8D}.Release|Any CPU.ActiveCfg = Release|Any CPU
		{DC53451F-6CBC-4EA9-BA0E-3642A3F3AE8D}.Release|Any CPU.Build.0 = Release|Any CPU
		{9EA77DE5-DC22-48E7-B82B-7F3562BE74D1}.Debug|Any CPU.ActiveCfg = Debug|Any CPU
		{9EA77DE5-DC22-48E7-B82B-7F3562BE74D1}.Debug|Any CPU.Build.0 = Debug|Any CPU
		{9EA77DE5-DC22-48E7-B82B-7F3562BE74D1}.Release|Any CPU.ActiveCfg = Release|Any CPU
		{9EA77DE5-DC22-48E7-B82B-7F3562BE74D1}.Release|Any CPU.Build.0 = Release|Any CPU
		{329236B0-2AC3-40A7-A083-91D18C8AC927}.Debug|Any CPU.ActiveCfg = Debug|Any CPU
		{329236B0-2AC3-40A7-A083-91D18C8AC927}.Debug|Any CPU.Build.0 = Debug|Any CPU
		{329236B0-2AC3-40A7-A083-91D18C8AC927}.Release|Any CPU.ActiveCfg = Release|Any CPU
		{329236B0-2AC3-40A7-A083-91D18C8AC927}.Release|Any CPU.Build.0 = Release|Any CPU
		{95FAF39D-5BB0-4824-985C-BA50D8503700}.Debug|Any CPU.ActiveCfg = Debug|Any CPU
		{95FAF39D-5BB0-4824-985C-BA50D8503700}.Debug|Any CPU.Build.0 = Debug|Any CPU
		{95FAF39D-5BB0-4824-985C-BA50D8503700}.Release|Any CPU.ActiveCfg = Release|Any CPU
		{95FAF39D-5BB0-4824-985C-BA50D8503700}.Release|Any CPU.Build.0 = Release|Any CPU
		{B1F513E5-98E2-41E6-A859-2212BF5C58FD}.Debug|Any CPU.ActiveCfg = Debug|Any CPU
		{B1F513E5-98E2-41E6-A859-2212BF5C58FD}.Debug|Any CPU.Build.0 = Debug|Any CPU
		{B1F513E5-98E2-41E6-A859-2212BF5C58FD}.Release|Any CPU.ActiveCfg = Release|Any CPU
		{B1F513E5-98E2-41E6-A859-2212BF5C58FD}.Release|Any CPU.Build.0 = Release|Any CPU
		{CCC47662-E540-4105-8B73-66F3E325F4D8}.Debug|Any CPU.ActiveCfg = Debug|Any CPU
		{CCC47662-E540-4105-8B73-66F3E325F4D8}.Debug|Any CPU.Build.0 = Debug|Any CPU
		{CCC47662-E540-4105-8B73-66F3E325F4D8}.Release|Any CPU.ActiveCfg = Release|Any CPU
		{CCC47662-E540-4105-8B73-66F3E325F4D8}.Release|Any CPU.Build.0 = Release|Any CPU
		{24E317EA-3BA2-4EE6-8C56-ECEFC8C91F7D}.Debug|Any CPU.ActiveCfg = Debug|Any CPU
		{24E317EA-3BA2-4EE6-8C56-ECEFC8C91F7D}.Debug|Any CPU.Build.0 = Debug|Any CPU
		{24E317EA-3BA2-4EE6-8C56-ECEFC8C91F7D}.Release|Any CPU.ActiveCfg = Release|Any CPU
		{24E317EA-3BA2-4EE6-8C56-ECEFC8C91F7D}.Release|Any CPU.Build.0 = Release|Any CPU
		{1EEC4074-E825-4FA7-AC36-9E98DB6C5F24}.Debug|Any CPU.ActiveCfg = Debug|Any CPU
		{1EEC4074-E825-4FA7-AC36-9E98DB6C5F24}.Debug|Any CPU.Build.0 = Debug|Any CPU
		{1EEC4074-E825-4FA7-AC36-9E98DB6C5F24}.Release|Any CPU.ActiveCfg = Release|Any CPU
		{1EEC4074-E825-4FA7-AC36-9E98DB6C5F24}.Release|Any CPU.Build.0 = Release|Any CPU
		{045C304B-1613-408F-B7B1-0B9A347BFB84}.Debug|Any CPU.ActiveCfg = Debug|Any CPU
		{045C304B-1613-408F-B7B1-0B9A347BFB84}.Debug|Any CPU.Build.0 = Debug|Any CPU
		{045C304B-1613-408F-B7B1-0B9A347BFB84}.Release|Any CPU.ActiveCfg = Release|Any CPU
		{045C304B-1613-408F-B7B1-0B9A347BFB84}.Release|Any CPU.Build.0 = Release|Any CPU
		{D3BC095B-2A68-4D64-BD9D-C53B2324887C}.Debug|Any CPU.ActiveCfg = Debug|Any CPU
		{D3BC095B-2A68-4D64-BD9D-C53B2324887C}.Debug|Any CPU.Build.0 = Debug|Any CPU
		{D3BC095B-2A68-4D64-BD9D-C53B2324887C}.Release|Any CPU.ActiveCfg = Release|Any CPU
		{D3BC095B-2A68-4D64-BD9D-C53B2324887C}.Release|Any CPU.Build.0 = Release|Any CPU
		{6B7891D9-FC71-4F38-88FA-F13D035257EB}.Debug|Any CPU.ActiveCfg = Debug|Any CPU
		{6B7891D9-FC71-4F38-88FA-F13D035257EB}.Debug|Any CPU.Build.0 = Debug|Any CPU
		{6B7891D9-FC71-4F38-88FA-F13D035257EB}.Release|Any CPU.ActiveCfg = Release|Any CPU
		{6B7891D9-FC71-4F38-88FA-F13D035257EB}.Release|Any CPU.Build.0 = Release|Any CPU
		{56BAD9E8-B78F-4F90-9FF0-5E71458B7D5F}.Debug|Any CPU.ActiveCfg = Debug|Any CPU
		{56BAD9E8-B78F-4F90-9FF0-5E71458B7D5F}.Debug|Any CPU.Build.0 = Debug|Any CPU
		{56BAD9E8-B78F-4F90-9FF0-5E71458B7D5F}.Release|Any CPU.ActiveCfg = Release|Any CPU
		{56BAD9E8-B78F-4F90-9FF0-5E71458B7D5F}.Release|Any CPU.Build.0 = Release|Any CPU
		{F9405412-FAA1-47D7-BF84-777848EA5D55}.Debug|Any CPU.ActiveCfg = Debug|Any CPU
		{F9405412-FAA1-47D7-BF84-777848EA5D55}.Debug|Any CPU.Build.0 = Debug|Any CPU
		{F9405412-FAA1-47D7-BF84-777848EA5D55}.Release|Any CPU.ActiveCfg = Release|Any CPU
		{F9405412-FAA1-47D7-BF84-777848EA5D55}.Release|Any CPU.Build.0 = Release|Any CPU
		{430CE6B4-4C9D-4884-85A6-EFFF5BD47E8F}.Debug|Any CPU.ActiveCfg = Debug|Any CPU
		{430CE6B4-4C9D-4884-85A6-EFFF5BD47E8F}.Debug|Any CPU.Build.0 = Debug|Any CPU
		{430CE6B4-4C9D-4884-85A6-EFFF5BD47E8F}.Release|Any CPU.ActiveCfg = Release|Any CPU
		{430CE6B4-4C9D-4884-85A6-EFFF5BD47E8F}.Release|Any CPU.Build.0 = Release|Any CPU
		{E716A242-E952-4528-A904-4E65B15BC196}.Debug|Any CPU.ActiveCfg = Debug|Any CPU
		{E716A242-E952-4528-A904-4E65B15BC196}.Debug|Any CPU.Build.0 = Debug|Any CPU
		{E716A242-E952-4528-A904-4E65B15BC196}.Release|Any CPU.ActiveCfg = Release|Any CPU
		{E716A242-E952-4528-A904-4E65B15BC196}.Release|Any CPU.Build.0 = Release|Any CPU
		{DB1B8C3D-B48C-4FAF-8BA5-85335AF0D838}.Debug|Any CPU.ActiveCfg = Debug|Any CPU
		{DB1B8C3D-B48C-4FAF-8BA5-85335AF0D838}.Debug|Any CPU.Build.0 = Debug|Any CPU
		{DB1B8C3D-B48C-4FAF-8BA5-85335AF0D838}.Release|Any CPU.ActiveCfg = Release|Any CPU
		{DB1B8C3D-B48C-4FAF-8BA5-85335AF0D838}.Release|Any CPU.Build.0 = Release|Any CPU
		{9BAF3952-E4D0-4540-8105-09FECCAD2A07}.Debug|Any CPU.ActiveCfg = Debug|Any CPU
		{9BAF3952-E4D0-4540-8105-09FECCAD2A07}.Debug|Any CPU.Build.0 = Debug|Any CPU
		{9BAF3952-E4D0-4540-8105-09FECCAD2A07}.Release|Any CPU.ActiveCfg = Release|Any CPU
		{9BAF3952-E4D0-4540-8105-09FECCAD2A07}.Release|Any CPU.Build.0 = Release|Any CPU
		{C81DEED1-92CC-4848-94B1-9F7E565F4EBA}.Debug|Any CPU.ActiveCfg = Debug|Any CPU
		{C81DEED1-92CC-4848-94B1-9F7E565F4EBA}.Debug|Any CPU.Build.0 = Debug|Any CPU
		{C81DEED1-92CC-4848-94B1-9F7E565F4EBA}.Release|Any CPU.ActiveCfg = Release|Any CPU
		{C81DEED1-92CC-4848-94B1-9F7E565F4EBA}.Release|Any CPU.Build.0 = Release|Any CPU
		{469D76FC-9480-4B46-836B-79CBE065157A}.Debug|Any CPU.ActiveCfg = Debug|Any CPU
		{469D76FC-9480-4B46-836B-79CBE065157A}.Debug|Any CPU.Build.0 = Debug|Any CPU
		{469D76FC-9480-4B46-836B-79CBE065157A}.Release|Any CPU.ActiveCfg = Release|Any CPU
		{469D76FC-9480-4B46-836B-79CBE065157A}.Release|Any CPU.Build.0 = Release|Any CPU
	EndGlobalSection
	GlobalSection(SolutionProperties) = preSolution
		HideSolutionNode = FALSE
	EndGlobalSection
	GlobalSection(NestedProjects) = preSolution
		{5346BA7F-B52E-4F1F-A3B4-66FE5801D3AF} = {5841AB14-A2BF-48CB-B66C-684F68EE5661}
		{BD5CCC87-278F-4FEB-AD23-157FCBA9FFA1} = {5841AB14-A2BF-48CB-B66C-684F68EE5661}
		{E086C305-0F91-4BF6-971F-C9D10E81F062} = {5841AB14-A2BF-48CB-B66C-684F68EE5661}
		{86174C99-5304-47E6-BA11-F4BF5B76B64A} = {5841AB14-A2BF-48CB-B66C-684F68EE5661}
		{04B6F396-C490-479D-9D3B-0E339AF1F1C6} = {5841AB14-A2BF-48CB-B66C-684F68EE5661}
		{8808ED68-4955-4C57-9E46-3414F4141F7B} = {4174CBCB-2440-4139-A6FF-F4EA3B911107}
		{092133C5-64CC-4622-BC9C-2EE3468A790D} = {28C24171-1F71-460A-9480-49C2F402ED7C}
		{C336A247-F830-4613-BD14-745F3493BBBE} = {28C24171-1F71-460A-9480-49C2F402ED7C}
		{15D954D8-F006-4B4D-8C8C-998C73CC7F04} = {5F3EE892-4F0C-4EEE-B126-F96A2EC1D598}
		{1AA1108B-668D-47C6-A6B9-7900EC56B866} = {5F3EE892-4F0C-4EEE-B126-F96A2EC1D598}
		{9EA77DE5-DC22-48E7-B82B-7F3562BE74D1} = {E98003C0-DC2F-4F56-AA00-49435E283762}
		{329236B0-2AC3-40A7-A083-91D18C8AC927} = {E98003C0-DC2F-4F56-AA00-49435E283762}
		{95FAF39D-5BB0-4824-985C-BA50D8503700} = {E98003C0-DC2F-4F56-AA00-49435E283762}
		{DC53451F-6CBC-4EA9-BA0E-3642A3F3AE8D} = {E98003C0-DC2F-4F56-AA00-49435E283762}
		{B1F513E5-98E2-41E6-A859-2212BF5C58FD} = {9B61432D-D295-4C7D-AC73-41B0E32F4FE0}
		{430CE6B4-4C9D-4884-85A6-EFFF5BD47E8F} = {9B61432D-D295-4C7D-AC73-41B0E32F4FE0}
		{E716A242-E952-4528-A904-4E65B15BC196} = {9B61432D-D295-4C7D-AC73-41B0E32F4FE0}
		{DB1B8C3D-B48C-4FAF-8BA5-85335AF0D838} = {9B61432D-D295-4C7D-AC73-41B0E32F4FE0}
		{9BAF3952-E4D0-4540-8105-09FECCAD2A07} = {9B61432D-D295-4C7D-AC73-41B0E32F4FE0}
		{C81DEED1-92CC-4848-94B1-9F7E565F4EBA} = {9B61432D-D295-4C7D-AC73-41B0E32F4FE0}
		{CCC47662-E540-4105-8B73-66F3E325F4D8} = {6BF76D20-93C8-4F18-A766-975B757FD546}
		{24E317EA-3BA2-4EE6-8C56-ECEFC8C91F7D} = {6BF76D20-93C8-4F18-A766-975B757FD546}
		{1EEC4074-E825-4FA7-AC36-9E98DB6C5F24} = {6BF76D20-93C8-4F18-A766-975B757FD546}
		{045C304B-1613-408F-B7B1-0B9A347BFB84} = {6BF76D20-93C8-4F18-A766-975B757FD546}
		{D3BC095B-2A68-4D64-BD9D-C53B2324887C} = {86336684-EECA-4653-B4DE-278B2FDC8983}
		{6B7891D9-FC71-4F38-88FA-F13D035257EB} = {86336684-EECA-4653-B4DE-278B2FDC8983}
		{56BAD9E8-B78F-4F90-9FF0-5E71458B7D5F} = {D0B9AEC4-466F-4ADD-B6A0-BA90718A9116}
		{F9405412-FAA1-47D7-BF84-777848EA5D55} = {D0B9AEC4-466F-4ADD-B6A0-BA90718A9116}
		{469D76FC-9480-4B46-836B-79CBE065157A} = {68EB463E-51D0-4E17-9F39-013D85713BFE}
	EndGlobalSection
EndGlobal
